
Microsoft Visual Studio Solution File, Format Version 12.00
# Visual Studio Version 17
VisualStudioVersion = 17.9.34607.119
MinimumVisualStudioVersion = 10.0.40219.1
Project("{9A19103F-16F7-4668-BE54-9A1E7A4F7556}") = "DCSBIOSDataBroker", "DCSBIOSDataBroker\DCSBIOSDataBroker.csproj", "{AD2B8354-47F0-4665-88FF-93FF6C29BA6C}"
EndProject
Project("{9A19103F-16F7-4668-BE54-9A1E7A4F7556}") = "ClassLibraryCommon", "..\..\DCSFlightpanels\src\ClassLibraryCommon\ClassLibraryCommon.csproj", "{74D619F3-B955-4394-9EEB-3F97C6FE931A}"
EndProject
Project("{9A19103F-16F7-4668-BE54-9A1E7A4F7556}") = "DCS-BIOS", "..\..\DCSFlightpanels\src\DCS-BIOS\DCS-BIOS.csproj", "{143BB928-7DEF-4FA0-B992-6AC57E7D67DC}"
EndProject
Global
	GlobalSection(SolutionConfigurationPlatforms) = preSolution
		Debug|Any CPU = Debug|Any CPU
		Release|Any CPU = Release|Any CPU
	EndGlobalSection
	GlobalSection(ProjectConfigurationPlatforms) = postSolution
		{AD2B8354-47F0-4665-88FF-93FF6C29BA6C}.Debug|Any CPU.ActiveCfg = Debug|Any CPU
		{AD2B8354-47F0-4665-88FF-93FF6C29BA6C}.Debug|Any CPU.Build.0 = Debug|Any CPU
		{AD2B8354-47F0-4665-88FF-93FF6C29BA6C}.Release|Any CPU.ActiveCfg = Release|Any CPU
		{AD2B8354-47F0-4665-88FF-93FF6C29BA6C}.Release|Any CPU.Build.0 = Release|Any CPU
		{74D619F3-B955-4394-9EEB-3F97C6FE931A}.Debug|Any CPU.ActiveCfg = Debug|Any CPU
		{74D619F3-B955-4394-9EEB-3F97C6FE931A}.Debug|Any CPU.Build.0 = Debug|Any CPU
		{74D619F3-B955-4394-9EEB-3F97C6FE931A}.Release|Any CPU.ActiveCfg = Release|Any CPU
		{74D619F3-B955-4394-9EEB-3F97C6FE931A}.Release|Any CPU.Build.0 = Release|Any CPU
		{143BB928-7DEF-4FA0-B992-6AC57E7D67DC}.Debug|Any CPU.ActiveCfg = Debug|Any CPU
		{143BB928-7DEF-4FA0-B992-6AC57E7D67DC}.Debug|Any CPU.Build.0 = Debug|Any CPU
		{143BB928-7DEF-4FA0-B992-6AC57E7D67DC}.Release|Any CPU.ActiveCfg = Release|Any CPU
		{143BB928-7DEF-4FA0-B992-6AC57E7D67DC}.Release|Any CPU.Build.0 = Release|Any CPU
	EndGlobalSection
	GlobalSection(SolutionProperties) = preSolution
		HideSolutionNode = FALSE
	EndGlobalSection
	GlobalSection(ExtensibilityGlobals) = postSolution
		SolutionGuid = {18CAB645-BD34-4DB1-A408-F9E2C59AEA05}
	EndGlobalSection
EndGlobal
